// !$*UTF8*$!
{
	archiveVersion = 1;
	classes = {
	};
	objectVersion = 50;
	objects = {

/* Begin PBXBuildFile section */
		3D1487C224640EBB00187107 /* main.m in Sources */ = {isa = PBXBuildFile; fileRef = 3D1487C124640EBB00187107 /* main.m */; };
		3D1487CB24640EEA00187107 /* NSString+FKTools.m in Sources */ = {isa = PBXBuildFile; fileRef = 3D1487CA24640EEA00187107 /* NSString+FKTools.m */; };
		3D1487CF24640F5D00187107 /* NSSequenceGenerator.m in Sources */ = {isa = PBXBuildFile; fileRef = 3D1487CD24640F5D00187107 /* NSSequenceGenerator.m */; };
/* End PBXBuildFile section */

/* Begin PBXCopyFilesBuildPhase section */
		3D1487BC24640EBB00187107 /* CopyFiles */ = {
			isa = PBXCopyFilesBuildPhase;
			buildActionMask = 2147483647;
			dstPath = /usr/share/man/man1/;
			dstSubfolderSpec = 0;
			files = (
			);
			runOnlyForDeploymentPostprocessing = 1;
		};
/* End PBXCopyFilesBuildPhase section */

/* Begin PBXFileReference section */
		3D1487BE24640EBB00187107 /* FKTools */ = {isa = PBXFileReference; explicitFileType = "compiled.mach-o.executable"; includeInIndex = 0; path = FKTools; sourceTree = BUILT_PRODUCTS_DIR; };
		3D1487C124640EBB00187107 /* main.m */ = {isa = PBXFileReference; lastKnownFileType = sourcecode.c.objc; path = main.m; sourceTree = "<group>"; };
		3D1487C924640EEA00187107 /* NSString+FKTools.h */ = {isa = PBXFileReference; lastKnownFileType = sourcecode.c.h; path = "NSString+FKTools.h"; sourceTree = "<group>"; };
		3D1487CA24640EEA00187107 /* NSString+FKTools.m */ = {isa = PBXFileReference; lastKnownFileType = sourcecode.c.objc; path = "NSString+FKTools.m"; sourceTree = "<group>"; };
		3D1487CD24640F5D00187107 /* NSSequenceGenerator.m */ = {isa = PBXFileReference; fileEncoding = 4; lastKnownFileType = sourcecode.c.objc; path = NSSequenceGenerator.m; sourceTree = "<group>"; };
		3D1487CE24640F5D00187107 /* NSSequenceGenerator.h */ = {isa = PBXFileReference; fileEncoding = 4; lastKnownFileType = sourcecode.c.h; path = NSSequenceGenerator.h; sourceTree = "<group>"; };
		3D1487D124640F8F00187107 /* FKTools.h */ = {isa = PBXFileReference; lastKnownFileType = sourcecode.c.h; path = FKTools.h; sourceTree = "<group>"; };
		3D1487D524641E9C00187107 /* NSMacro.h */ = {isa = PBXFileReference; lastKnownFileType = sourcecode.c.h; path = NSMacro.h; sourceTree = "<group>"; };
/* End PBXFileReference section */

/* Begin PBXFrameworksBuildPhase section */
		3D1487BB24640EBB00187107 /* Frameworks */ = {
			isa = PBXFrameworksBuildPhase;
			buildActionMask = 2147483647;
			files = (
			);
			runOnlyForDeploymentPostprocessing = 0;
		};
/* End PBXFrameworksBuildPhase section */

/* Begin PBXGroup section */
		3D1487B524640EBB00187107 = {
			isa = PBXGroup;
			children = (
				3D1487C024640EBB00187107 /* FKTools */,
				3D1487BF24640EBB00187107 /* Products */,
			);
			sourceTree = "<group>";
		};
		3D1487BF24640EBB00187107 /* Products */ = {
			isa = PBXGroup;
			children = (
				3D1487BE24640EBB00187107 /* FKTools */,
			);
			name = Products;
			sourceTree = "<group>";
		};
		3D1487C024640EBB00187107 /* FKTools */ = {
			isa = PBXGroup;
			children = (
				3D1487D32464133D00187107 /* Demo */,
				3D1487D024640F7900187107 /* Resource */,
			);
			path = FKTools;
			sourceTree = "<group>";
		};
		3D1487C824640EC200187107 /* Category */ = {
			isa = PBXGroup;
			children = (
				3D1487C924640EEA00187107 /* NSString+FKTools.h */,
				3D1487CA24640EEA00187107 /* NSString+FKTools.m */,
			);
			path = Category;
			sourceTree = "<group>";
		};
		3D1487CC24640F5100187107 /* Tools */ = {
			isa = PBXGroup;
			children = (
				3D1487CE24640F5D00187107 /* NSSequenceGenerator.h */,
				3D1487CD24640F5D00187107 /* NSSequenceGenerator.m */,
			);
			path = Tools;
			sourceTree = "<group>";
		};
		3D1487D024640F7900187107 /* Resource */ = {
			isa = PBXGroup;
			children = (
				3D1487D424641E3A00187107 /* Macro */,
				3D1487CC24640F5100187107 /* Tools */,
				3D1487C824640EC200187107 /* Category */,
				3D1487D124640F8F00187107 /* FKTools.h */,
			);
			path = Resource;
			sourceTree = "<group>";
		};
		3D1487D32464133D00187107 /* Demo */ = {
			isa = PBXGroup;
			children = (
				3D1487C124640EBB00187107 /* main.m */,
			);
			path = Demo;
			sourceTree = "<group>";
		};
		3D1487D424641E3A00187107 /* Macro */ = {
			isa = PBXGroup;
			children = (
				3D1487D524641E9C00187107 /* NSMacro.h */,
			);
			path = Macro;
			sourceTree = "<group>";
		};
/* End PBXGroup section */

/* Begin PBXNativeTarget section */
		3D1487BD24640EBB00187107 /* FKTools */ = {
			isa = PBXNativeTarget;
			buildConfigurationList = 3D1487C524640EBB00187107 /* Build configuration list for PBXNativeTarget "FKTools" */;
			buildPhases = (
				3D1487BA24640EBB00187107 /* Sources */,
				3D1487BB24640EBB00187107 /* Frameworks */,
				3D1487BC24640EBB00187107 /* CopyFiles */,
			);
			buildRules = (
			);
			dependencies = (
			);
			name = FKTools;
			productName = FKTools;
			productReference = 3D1487BE24640EBB00187107 /* FKTools */;
			productType = "com.apple.product-type.tool";
		};
/* End PBXNativeTarget section */

/* Begin PBXProject section */
		3D1487B624640EBB00187107 /* Project object */ = {
			isa = PBXProject;
			attributes = {
				LastUpgradeCheck = 1140;
				ORGANIZATIONNAME = norld;
				TargetAttributes = {
					3D1487BD24640EBB00187107 = {
						CreatedOnToolsVersion = 11.4.1;
					};
				};
			};
			buildConfigurationList = 3D1487B924640EBB00187107 /* Build configuration list for PBXProject "FKTools" */;
			compatibilityVersion = "Xcode 9.3";
			developmentRegion = en;
			hasScannedForEncodings = 0;
			knownRegions = (
				en,
				Base,
			);
			mainGroup = 3D1487B524640EBB00187107;
			productRefGroup = 3D1487BF24640EBB00187107 /* Products */;
			projectDirPath = "";
			projectRoot = "";
			targets = (
				3D1487BD24640EBB00187107 /* FKTools */,
			);
		};
/* End PBXProject section */

/* Begin PBXSourcesBuildPhase section */
		3D1487BA24640EBB00187107 /* Sources */ = {
			isa = PBXSourcesBuildPhase;
			buildActionMask = 2147483647;
			files = (
				3D1487CF24640F5D00187107 /* NSSequenceGenerator.m in Sources */,
				3D1487CB24640EEA00187107 /* NSString+FKTools.m in Sources */,
				3D1487C224640EBB00187107 /* main.m in Sources */,
			);
			runOnlyForDeploymentPostprocessing = 0;
		};
/* End PBXSourcesBuildPhase section */

/* Begin XCBuildConfiguration section */
		3D1487C324640EBB00187107 /* Debug */ = {
			isa = XCBuildConfiguration;
			buildSettings = {
				ALWAYS_SEARCH_USER_PATHS = NO;
				CLANG_ANALYZER_NONNULL = YES;
				CLANG_ANALYZER_NUMBER_OBJECT_CONVERSION = YES_AGGRESSIVE;
				CLANG_CXX_LANGUAGE_STANDARD = "gnu++14";
				CLANG_CXX_LIBRARY = "libc++";
				CLANG_ENABLE_MODULES = YES;
				CLANG_ENABLE_OBJC_ARC = YES;
				CLANG_ENABLE_OBJC_WEAK = YES;
				CLANG_WARN_BLOCK_CAPTURE_AUTORELEASING = YES;
				CLANG_WARN_BOOL_CONVERSION = YES;
				CLANG_WARN_COMMA = YES;
				CLANG_WARN_CONSTANT_CONVERSION = YES;
				CLANG_WARN_DEPRECATED_OBJC_IMPLEMENTATIONS = YES;
				CLANG_WARN_DIRECT_OBJC_ISA_USAGE = YES_ERROR;
				CLANG_WARN_DOCUMENTATION_COMMENTS = YES;
				CLANG_WARN_EMPTY_BODY = YES;
				CLANG_WARN_ENUM_CONVERSION = YES;
				CLANG_WARN_INFINITE_RECURSION = YES;
				CLANG_WARN_INT_CONVERSION = YES;
				CLANG_WARN_NON_LITERAL_NULL_CONVERSION = YES;
				CLANG_WARN_OBJC_IMPLICIT_RETAIN_SELF = YES;
				CLANG_WARN_OBJC_LITERAL_CONVERSION = YES;
				CLANG_WARN_OBJC_ROOT_CLASS = YES_ERROR;
				CLANG_WARN_RANGE_LOOP_ANALYSIS = YES;
				CLANG_WARN_STRICT_PROTOTYPES = YES;
				CLANG_WARN_SUSPICIOUS_MOVE = YES;
				CLANG_WARN_UNGUARDED_AVAILABILITY = YES_AGGRESSIVE;
				CLANG_WARN_UNREACHABLE_CODE = YES;
				CLANG_WARN__DUPLICATE_METHOD_MATCH = YES;
				COPY_PHASE_STRIP = NO;
				DEBUG_INFORMATION_FORMAT = dwarf;
				ENABLE_STRICT_OBJC_MSGSEND = YES;
				ENABLE_TESTABILITY = YES;
				GCC_C_LANGUAGE_STANDARD = gnu11;
				GCC_DYNAMIC_NO_PIC = NO;
				GCC_NO_COMMON_BLOCKS = YES;
				GCC_OPTIMIZATION_LEVEL = 0;
				GCC_PREPROCESSOR_DEFINITIONS = (
					"DEBUG=1",
					"$(inherited)",
				);
				GCC_WARN_64_TO_32_BIT_CONVERSION = YES;
				GCC_WARN_ABOUT_RETURN_TYPE = YES_ERROR;
				GCC_WARN_UNDECLARED_SELECTOR = YES;
				GCC_WARN_UNINITIALIZED_AUTOS = YES_AGGRESSIVE;
				GCC_WARN_UNUSED_FUNCTION = YES;
				GCC_WARN_UNUSED_VARIABLE = YES;
				MACOSX_DEPLOYMENT_TARGET = 10.15;
				MTL_ENABLE_DEBUG_INFO = INCLUDE_SOURCE;
				MTL_FAST_MATH = YES;
				ONLY_ACTIVE_ARCH = YES;
				SDKROOT = macosx;
			};
			name = Debug;
		};
		3D1487C424640EBB00187107 /* Release */ = {
			isa = XCBuildConfiguration;
			buildSettings = {
				ALWAYS_SEARCH_USER_PATHS = NO;
				CLANG_ANALYZER_NONNULL = YES;
				CLANG_ANALYZER_NUMBER_OBJECT_CONVERSION = YES_AGGRESSIVE;
				CLANG_CXX_LANGUAGE_STANDARD = "gnu++14";
				CLANG_CXX_LIBRARY = "libc++";
				CLANG_ENABLE_MODULES = YES;
				CLANG_ENABLE_OBJC_ARC = YES;
				CLANG_ENABLE_OBJC_WEAK = YES;
				CLANG_WARN_BLOCK_CAPTURE_AUTORELEASING = YES;
				CLANG_WARN_BOOL_CONVERSION = YES;
				CLANG_WARN_COMMA = YES;
				CLANG_WARN_CONSTANT_CONVERSION = YES;
				CLANG_WARN_DEPRECATED_OBJC_IMPLEMENTATIONS = YES;
				CLANG_WARN_DIRECT_OBJC_ISA_USAGE = YES_ERROR;
				CLANG_WARN_DOCUMENTATION_COMMENTS = YES;
				CLANG_WARN_EMPTY_BODY = YES;
				CLANG_WARN_ENUM_CONVERSION = YES;
				CLANG_WARN_INFINITE_RECURSION = YES;
				CLANG_WARN_INT_CONVERSION = YES;
				CLANG_WARN_NON_LITERAL_NULL_CONVERSION = YES;
				CLANG_WARN_OBJC_IMPLICIT_RETAIN_SELF = YES;
				CLANG_WARN_OBJC_LITERAL_CONVERSION = YES;
				CLANG_WARN_OBJC_ROOT_CLASS = YES_ERROR;
				CLANG_WARN_RANGE_LOOP_ANALYSIS = YES;
				CLANG_WARN_STRICT_PROTOTYPES = YES;
				CLANG_WARN_SUSPICIOUS_MOVE = YES;
				CLANG_WARN_UNGUARDED_AVAILABILITY = YES_AGGRESSIVE;
				CLANG_WARN_UNREACHABLE_CODE = YES;
				CLANG_WARN__DUPLICATE_METHOD_MATCH = YES;
				COPY_PHASE_STRIP = NO;
				DEBUG_INFORMATION_FORMAT = "dwarf-with-dsym";
				ENABLE_NS_ASSERTIONS = NO;
				ENABLE_STRICT_OBJC_MSGSEND = YES;
				GCC_C_LANGUAGE_STANDARD = gnu11;
				GCC_NO_COMMON_BLOCKS = YES;
				GCC_WARN_64_TO_32_BIT_CONVERSION = YES;
				GCC_WARN_ABOUT_RETURN_TYPE = YES_ERROR;
				GCC_WARN_UNDECLARED_SELECTOR = YES;
				GCC_WARN_UNINITIALIZED_AUTOS = YES_AGGRESSIVE;
				GCC_WARN_UNUSED_FUNCTION = YES;
				GCC_WARN_UNUSED_VARIABLE = YES;
				MACOSX_DEPLOYMENT_TARGET = 10.15;
				MTL_ENABLE_DEBUG_INFO = NO;
				MTL_FAST_MATH = YES;
				SDKROOT = macosx;
			};
			name = Release;
		};
		3D1487C624640EBB00187107 /* Debug */ = {
			isa = XCBuildConfiguration;
			buildSettings = {
				CODE_SIGN_STYLE = Automatic;
				DEVELOPMENT_TEAM = QD5GY3MPC6;
				ENABLE_HARDENED_RUNTIME = YES;
				MACOSX_DEPLOYMENT_TARGET = 10.13;
				PRODUCT_NAME = "$(TARGET_NAME)";
			};
			name = Debug;
		};
		3D1487C724640EBB00187107 /* Release */ = {
			isa = XCBuildConfiguration;
			buildSettings = {
				CODE_SIGN_STYLE = Automatic;
				DEVELOPMENT_TEAM = QD5GY3MPC6;
				ENABLE_HARDENED_RUNTIME = YES;
				MACOSX_DEPLOYMENT_TARGET = 10.13;
				PRODUCT_NAME = "$(TARGET_NAME)";
			};
			name = Release;
		};
/* End XCBuildConfiguration section */

/* Begin XCConfigurationList section */
		3D1487B924640EBB00187107 /* Build configuration list for PBXProject "FKTools" */ = {
			isa = XCConfigurationList;
			buildConfigurations = (
				3D1487C324640EBB00187107 /* Debug */,
				3D1487C424640EBB00187107 /* Release */,
			);
			defaultConfigurationIsVisible = 0;
			defaultConfigurationName = Release;
		};
		3D1487C524640EBB00187107 /* Build configuration list for PBXNativeTarget "FKTools" */ = {
			isa = XCConfigurationList;
			buildConfigurations = (
				3D1487C624640EBB00187107 /* Debug */,
				3D1487C724640EBB00187107 /* Release */,
			);
			defaultConfigurationIsVisible = 0;
			defaultConfigurationName = Release;
		};
/* End XCConfigurationList section */
	};
	rootObject = 3D1487B624640EBB00187107 /* Project object */;
}
